
Microsoft Visual Studio Solution File, Format Version 12.00
# Visual Studio Version 16
VisualStudioVersion = 16.0.29728.190
MinimumVisualStudioVersion = 10.0.40219.1
Project("{FAE04EC0-301F-11D3-BF4B-00C04F79EFBC}") = "CoronaApp", "CoronaApp\CoronaApp.csproj", "{34A79475-CECC-47B6-B8D6-FDAFEB65EB77}"
EndProject
Project("{FAE04EC0-301F-11D3-BF4B-00C04F79EFBC}") = "Corona.Core", "Corona.Core\Corona.Core.csproj", "{DAAFEA2C-D518-40BC-96FF-FE255CBA695C}"
EndProject
Project("{FAE04EC0-301F-11D3-BF4B-00C04F79EFBC}") = "Corona.Data", "Corona.Data\Corona.Data.csproj", "{3A5247B0-E9C8-4912-A828-780E7881DA21}"
EndProject
Global
	GlobalSection(SolutionConfigurationPlatforms) = preSolution
		Debug|Any CPU = Debug|Any CPU
		Release|Any CPU = Release|Any CPU
	EndGlobalSection
	GlobalSection(ProjectConfigurationPlatforms) = postSolution
		{34A79475-CECC-47B6-B8D6-FDAFEB65EB77}.Debug|Any CPU.ActiveCfg = Debug|Any CPU
		{34A79475-CECC-47B6-B8D6-FDAFEB65EB77}.Debug|Any CPU.Build.0 = Debug|Any CPU
		{34A79475-CECC-47B6-B8D6-FDAFEB65EB77}.Release|Any CPU.ActiveCfg = Release|Any CPU
		{34A79475-CECC-47B6-B8D6-FDAFEB65EB77}.Release|Any CPU.Build.0 = Release|Any CPU
		{DAAFEA2C-D518-40BC-96FF-FE255CBA695C}.Debug|Any CPU.ActiveCfg = Debug|Any CPU
		{DAAFEA2C-D518-40BC-96FF-FE255CBA695C}.Debug|Any CPU.Build.0 = Debug|Any CPU
		{DAAFEA2C-D518-40BC-96FF-FE255CBA695C}.Release|Any CPU.ActiveCfg = Release|Any CPU
		{DAAFEA2C-D518-40BC-96FF-FE255CBA695C}.Release|Any CPU.Build.0 = Release|Any CPU
		{3A5247B0-E9C8-4912-A828-780E7881DA21}.Debug|Any CPU.ActiveCfg = Debug|Any CPU
		{3A5247B0-E9C8-4912-A828-780E7881DA21}.Debug|Any CPU.Build.0 = Debug|Any CPU
		{3A5247B0-E9C8-4912-A828-780E7881DA21}.Release|Any CPU.ActiveCfg = Release|Any CPU
		{3A5247B0-E9C8-4912-A828-780E7881DA21}.Release|Any CPU.Build.0 = Release|Any CPU
	EndGlobalSection
	GlobalSection(SolutionProperties) = preSolution
		HideSolutionNode = FALSE
	EndGlobalSection
	GlobalSection(ExtensibilityGlobals) = postSolution
		SolutionGuid = {01E05B44-DAF2-494A-99EE-15A3763BE740}
	EndGlobalSection
EndGlobal
